
Microsoft Visual Studio Solution File, Format Version 12.00
# Visual Studio Version 17
VisualStudioVersion = 17.10.35013.160
MinimumVisualStudioVersion = 10.0.40219.1
Project("{FAE04EC0-301F-11D3-BF4B-00C04F79EFBC}") = "memMgmtApp", "memMgmtApp\memMgmtApp.csproj", "{33984C5C-12D2-4212-B1E4-D6CE6ACF269D}"
EndProject
Global
	GlobalSection(SolutionConfigurationPlatforms) = preSolution
		Debug|Any CPU = Debug|Any CPU
		Release|Any CPU = Release|Any CPU
	EndGlobalSection
	GlobalSection(ProjectConfigurationPlatforms) = postSolution
		{33984C5C-12D2-4212-B1E4-D6CE6ACF269D}.Debug|Any CPU.ActiveCfg = Debug|Any CPU
		{33984C5C-12D2-4212-B1E4-D6CE6ACF269D}.Debug|Any CPU.Build.0 = Debug|Any CPU
		{33984C5C-12D2-4212-B1E4-D6CE6ACF269D}.Release|Any CPU.ActiveCfg = Release|Any CPU
		{33984C5C-12D2-4212-B1E4-D6CE6ACF269D}.Release|Any CPU.Build.0 = Release|Any CPU
	EndGlobalSection
	GlobalSection(SolutionProperties) = preSolution
		HideSolutionNode = FALSE
	EndGlobalSection
	GlobalSection(ExtensibilityGlobals) = postSolution
		SolutionGuid = {51DC67A2-A1E3-4472-94A7-D0CF662F2ECE}
	EndGlobalSection
EndGlobal
